
Microsoft Visual Studio Solution File, Format Version 12.00
# Visual Studio 15
VisualStudioVersion = 15.0.26403.7
MinimumVisualStudioVersion = 10.0.40219.1
Project("{FAE04EC0-301F-11D3-BF4B-00C04F79EFBC}") = "Biblioteca", "Biblioteca\Biblioteca.csproj", "{4BF98AE2-63E6-4C60-802D-107DBB515951}"
EndProject
Project("{FAE04EC0-301F-11D3-BF4B-00C04F79EFBC}") = "DataBiblioteca", "DataBiblioteca\DataBiblioteca.csproj", "{647BE264-023A-47AA-B1B9-24C26907D5EF}"
EndProject
Global
	GlobalSection(SolutionConfigurationPlatforms) = preSolution
		Debug|Any CPU = Debug|Any CPU
		Release|Any CPU = Release|Any CPU
	EndGlobalSection
	GlobalSection(ProjectConfigurationPlatforms) = postSolution
		{4BF98AE2-63E6-4C60-802D-107DBB515951}.Debug|Any CPU.ActiveCfg = Debug|Any CPU
		{4BF98AE2-63E6-4C60-802D-107DBB515951}.Debug|Any CPU.Build.0 = Debug|Any CPU
		{4BF98AE2-63E6-4C60-802D-107DBB515951}.Release|Any CPU.ActiveCfg = Release|Any CPU
		{4BF98AE2-63E6-4C60-802D-107DBB515951}.Release|Any CPU.Build.0 = Release|Any CPU
		{647BE264-023A-47AA-B1B9-24C26907D5EF}.Debug|Any CPU.ActiveCfg = Debug|Any CPU
		{647BE264-023A-47AA-B1B9-24C26907D5EF}.Debug|Any CPU.Build.0 = Debug|Any CPU
		{647BE264-023A-47AA-B1B9-24C26907D5EF}.Release|Any CPU.ActiveCfg = Release|Any CPU
		{647BE264-023A-47AA-B1B9-24C26907D5EF}.Release|Any CPU.Build.0 = Release|Any CPU
	EndGlobalSection
	GlobalSection(SolutionProperties) = preSolution
		HideSolutionNode = FALSE
	EndGlobalSection
EndGlobal
